
Microsoft Visual Studio Solution File, Format Version 12.00
# Visual Studio Version 16
VisualStudioVersion = 16.0.31402.337
MinimumVisualStudioVersion = 10.0.40219.1
Project("{FAE04EC0-301F-11D3-BF4B-00C04F79EFBC}") = "Certificate Renewal Service", "Certificate Renewal Service\Certificate Renewal Service.csproj", "{6BB97C58-CB85-4406-B76A-102D6E7E49A7}"
EndProject
Global
	GlobalSection(SolutionConfigurationPlatforms) = preSolution
		Debug|Any CPU = Debug|Any CPU
		Release|Any CPU = Release|Any CPU
	EndGlobalSection
	GlobalSection(ProjectConfigurationPlatforms) = postSolution
		{6BB97C58-CB85-4406-B76A-102D6E7E49A7}.Debug|Any CPU.ActiveCfg = Debug|Any CPU
		{6BB97C58-CB85-4406-B76A-102D6E7E49A7}.Debug|Any CPU.Build.0 = Debug|Any CPU
		{6BB97C58-CB85-4406-B76A-102D6E7E49A7}.Release|Any CPU.ActiveCfg = Release|Any CPU
		{6BB97C58-CB85-4406-B76A-102D6E7E49A7}.Release|Any CPU.Build.0 = Release|Any CPU
	EndGlobalSection
	GlobalSection(SolutionProperties) = preSolution
		HideSolutionNode = FALSE
	EndGlobalSection
	GlobalSection(ExtensibilityGlobals) = postSolution
		SolutionGuid = {B1884736-C5D7-4697-9C64-5C5B4B785AEB}
	EndGlobalSection
EndGlobal
